
Microsoft Visual Studio Solution File, Format Version 11.00
# Visual Studio 2010
Project("{FAE04EC0-301F-11D3-BF4B-00C04F79EFBC}") = "Assembly-CSharp", "Assembly-CSharp.csproj", "{455F326A-FF30-5436-7D9E-8DAF83BD6EED}"
EndProject
Project("{FAE04EC0-301F-11D3-BF4B-00C04F79EFBC}") = "Assembly-CSharp-Editor", "Assembly-CSharp-Editor.csproj", "{1D599830-851F-E5F9-8191-C1ACC2A6AE06}"
EndProject
Global
	GlobalSection(SolutionConfigurationPlatforms) = preSolution
		Debug|Any CPU = Debug|Any CPU
		Release|Any CPU = Release|Any CPU
	EndGlobalSection
	GlobalSection(ProjectConfigurationPlatforms) = postSolution
		{455F326A-FF30-5436-7D9E-8DAF83BD6EED}.Debug|Any CPU.ActiveCfg = Debug|Any CPU
		{455F326A-FF30-5436-7D9E-8DAF83BD6EED}.Debug|Any CPU.Build.0 = Debug|Any CPU
		{455F326A-FF30-5436-7D9E-8DAF83BD6EED}.Release|Any CPU.ActiveCfg = Release|Any CPU
		{455F326A-FF30-5436-7D9E-8DAF83BD6EED}.Release|Any CPU.Build.0 = Release|Any CPU
		{1D599830-851F-E5F9-8191-C1ACC2A6AE06}.Debug|Any CPU.ActiveCfg = Debug|Any CPU
		{1D599830-851F-E5F9-8191-C1ACC2A6AE06}.Debug|Any CPU.Build.0 = Debug|Any CPU
		{1D599830-851F-E5F9-8191-C1ACC2A6AE06}.Release|Any CPU.ActiveCfg = Release|Any CPU
		{1D599830-851F-E5F9-8191-C1ACC2A6AE06}.Release|Any CPU.Build.0 = Release|Any CPU
	EndGlobalSection
	GlobalSection(SolutionProperties) = preSolution
		HideSolutionNode = FALSE
	EndGlobalSection
	GlobalSection(MonoDevelopProperties) = preSolution
		StartupItem = Assembly-CSharp.csproj
	EndGlobalSection
EndGlobal
